// !$*UTF8*$!
{
	archiveVersion = 1;
	classes = {
	};
	objectVersion = 46;
	objects = {

/* Begin PBXBuildFile section */
		0302D18489150FC1B75EE86A /* misc.c in Sources */ = {isa = PBXBuildFile; fileRef = 73F55079DECEC97824145213 /* misc.c */; };
		052155D469378A23A81F5CA7 /* network.c in Sources */ = {isa = PBXBuildFile; fileRef = 4A4C2AB18C0C208C18B3D357 /* network.c */; };
		27DFFCF1C740D20E8B751B35 /* tod.c in Sources */ = {isa = PBXBuildFile; fileRef = B49171312F553876F9DE028D /* tod.c */; };
		4B1E1FC27344991B859D9AAC /* transmit.c in Sources */ = {isa = PBXBuildFile; fileRef = 842BA3A516E8121CBCA5206E /* transmit.c */; };
		5D2254D017AC101A4F244E2C /* ofxArtNet.cpp in Sources */ = {isa = PBXBuildFile; fileRef = B9721C959370E9CD294EE489 /* ofxArtNet.cpp */; };
		8A231283D31A46A796730807 /* receive.c in Sources */ = {isa = PBXBuildFile; fileRef = 566765C2F49884233EE6073D /* receive.c */; };
		956CF63633047A3EAD98DD6B /* artnet.c in Sources */ = {isa = PBXBuildFile; fileRef = DCD389AF5601BEB7DFC8347A /* artnet.c */; };
		9F9830FB1C8A170400CF843C /* PMArtNetManager.cpp in Sources */ = {isa = PBXBuildFile; fileRef = 9F9830F91C8A170400CF843C /* PMArtNetManager.cpp */; };
		9F9830FE1C8A171A00CF843C /* PMVideoManager.cpp in Sources */ = {isa = PBXBuildFile; fileRef = 9F9830FC1C8A171A00CF843C /* PMVideoManager.cpp */; };
		9F9831021C8A2EE600CF843C /* PMArtNetPlayer.cpp in Sources */ = {isa = PBXBuildFile; fileRef = 9F9831001C8A2EE600CF843C /* PMArtNetPlayer.cpp */; };
		9F9831051C8A2EFE00CF843C /* PMArtNetRecorder.cpp in Sources */ = {isa = PBXBuildFile; fileRef = 9F9831031C8A2EFE00CF843C /* PMArtNetRecorder.cpp */; };
		9FD280F01C932E3500A18790 /* PMArtNetScreenRenderer.cpp in Sources */ = {isa = PBXBuildFile; fileRef = 9FD280EE1C932E3500A18790 /* PMArtNetScreenRenderer.cpp */; };
		AFCD3AF3E225232FD1C29D70 /* ofxArtNetDmxData.cpp in Sources */ = {isa = PBXBuildFile; fileRef = DB3594DD72C61A24879F817F /* ofxArtNetDmxData.cpp */; };
		BD53C476A333DDFCFE13D752 /* ofxArtNetNodeEntry.cpp in Sources */ = {isa = PBXBuildFile; fileRef = 3181C391A928D1249647940B /* ofxArtNetNodeEntry.cpp */; };
		D50B3D9655F08D2B232C1C4D /* ofxVideoRecorder.cpp in Sources */ = {isa = PBXBuildFile; fileRef = 883A95C78655CFEEA37EF9A1 /* ofxVideoRecorder.cpp */; };
		E4328149138ABC9F0047C5CB /* openFrameworksDebug.a in Frameworks */ = {isa = PBXBuildFile; fileRef = E4328148138ABC890047C5CB /* openFrameworksDebug.a */; };
		E4B69E200A3A1BDC003C02F2 /* main.cpp in Sources */ = {isa = PBXBuildFile; fileRef = E4B69E1D0A3A1BDC003C02F2 /* main.cpp */; };
		E4B69E210A3A1BDC003C02F2 /* ofApp.cpp in Sources */ = {isa = PBXBuildFile; fileRef = E4B69E1E0A3A1BDC003C02F2 /* ofApp.cpp */; };
/* End PBXBuildFile section */

/* Begin PBXContainerItemProxy section */
		E4328147138ABC890047C5CB /* PBXContainerItemProxy */ = {
			isa = PBXContainerItemProxy;
			containerPortal = E4328143138ABC890047C5CB /* openFrameworksLib.xcodeproj */;
			proxyType = 2;
			remoteGlobalIDString = E4B27C1510CBEB8E00536013;
			remoteInfo = openFrameworks;
		};
		E4EEB9AB138B136A00A80321 /* PBXContainerItemProxy */ = {
			isa = PBXContainerItemProxy;
			containerPortal = E4328143138ABC890047C5CB /* openFrameworksLib.xcodeproj */;
			proxyType = 1;
			remoteGlobalIDString = E4B27C1410CBEB8E00536013;
			remoteInfo = openFrameworks;
		};
/* End PBXContainerItemProxy section */

/* Begin PBXCopyFilesBuildPhase section */
		E4C2427710CC5ABF004149E2 /* CopyFiles */ = {
			isa = PBXCopyFilesBuildPhase;
			buildActionMask = 2147483647;
			dstPath = "";
			dstSubfolderSpec = 10;
			files = (
			);
			runOnlyForDeploymentPostprocessing = 0;
		};
/* End PBXCopyFilesBuildPhase section */

/* Begin PBXFileReference section */
		3181C391A928D1249647940B /* ofxArtNetNodeEntry.cpp */ = {isa = PBXFileReference; explicitFileType = sourcecode.cpp.cpp; fileEncoding = 30; name = ofxArtNetNodeEntry.cpp; path = ../../../addons/ofxArtNet/src/ofxArtNetNodeEntry.cpp; sourceTree = SOURCE_ROOT; };
		32CCDAD12D3D45D86DB057B2 /* private.h */ = {isa = PBXFileReference; explicitFileType = sourcecode.c.h; fileEncoding = 30; name = private.h; path = ../../../addons/ofxArtNet/libs/artnet/include/private.h; sourceTree = SOURCE_ROOT; };
		487D0B8DAE735DCBA1A7DF79 /* misc.h */ = {isa = PBXFileReference; explicitFileType = sourcecode.c.h; fileEncoding = 30; name = misc.h; path = ../../../addons/ofxArtNet/libs/artnet/include/misc.h; sourceTree = SOURCE_ROOT; };
		4A4C2AB18C0C208C18B3D357 /* network.c */ = {isa = PBXFileReference; explicitFileType = sourcecode.c.c; fileEncoding = 30; name = network.c; path = ../../../addons/ofxArtNet/libs/artnet/src/network.c; sourceTree = SOURCE_ROOT; };
		566765C2F49884233EE6073D /* receive.c */ = {isa = PBXFileReference; explicitFileType = sourcecode.c.c; fileEncoding = 30; name = receive.c; path = ../../../addons/ofxArtNet/libs/artnet/src/receive.c; sourceTree = SOURCE_ROOT; };
		5F1CEA41106DA5558AA93BDA /* ofxArtNet.h */ = {isa = PBXFileReference; explicitFileType = sourcecode.c.h; fileEncoding = 30; name = ofxArtNet.h; path = ../../../addons/ofxArtNet/src/ofxArtNet.h; sourceTree = SOURCE_ROOT; };
		65A1128A5039E57A53EE7F5F /* packets.h */ = {isa = PBXFileReference; explicitFileType = sourcecode.c.h; fileEncoding = 30; name = packets.h; path = ../../../addons/ofxArtNet/libs/artnet/include/packets.h; sourceTree = SOURCE_ROOT; };
		73F55079DECEC97824145213 /* misc.c */ = {isa = PBXFileReference; explicitFileType = sourcecode.c.c; fileEncoding = 30; name = misc.c; path = ../../../addons/ofxArtNet/libs/artnet/src/misc.c; sourceTree = SOURCE_ROOT; };
		82A9624DA018DD5C6DD73FA2 /* tod.h */ = {isa = PBXFileReference; explicitFileType = sourcecode.c.h; fileEncoding = 30; name = tod.h; path = ../../../addons/ofxArtNet/libs/artnet/include/tod.h; sourceTree = SOURCE_ROOT; };
		842BA3A516E8121CBCA5206E /* transmit.c */ = {isa = PBXFileReference; explicitFileType = sourcecode.c.c; fileEncoding = 30; name = transmit.c; path = ../../../addons/ofxArtNet/libs/artnet/src/transmit.c; sourceTree = SOURCE_ROOT; };
		883A95C78655CFEEA37EF9A1 /* ofxVideoRecorder.cpp */ = {isa = PBXFileReference; explicitFileType = sourcecode.cpp.cpp; fileEncoding = 30; name = ofxVideoRecorder.cpp; path = ../../../addons/ofxVideoRecorder/src/ofxVideoRecorder.cpp; sourceTree = SOURCE_ROOT; };
		8B64CE3352997CAE525FC092 /* unistd_d.h */ = {isa = PBXFileReference; explicitFileType = sourcecode.c.h; fileEncoding = 30; name = unistd_d.h; path = ../../../addons/ofxArtNet/libs/artnet/include/unistd_d.h; sourceTree = SOURCE_ROOT; };
		9F9830F91C8A170400CF843C /* PMArtNetManager.cpp */ = {isa = PBXFileReference; fileEncoding = 4; lastKnownFileType = sourcecode.cpp.cpp; name = PMArtNetManager.cpp; path = ArtNet/PMArtNetManager.cpp; sourceTree = "<group>"; };
		9F9830FA1C8A170400CF843C /* PMArtNetManager.h */ = {isa = PBXFileReference; fileEncoding = 4; lastKnownFileType = sourcecode.c.h; name = PMArtNetManager.h; path = ArtNet/PMArtNetManager.h; sourceTree = "<group>"; };
		9F9830FC1C8A171A00CF843C /* PMVideoManager.cpp */ = {isa = PBXFileReference; fileEncoding = 4; lastKnownFileType = sourcecode.cpp.cpp; name = PMVideoManager.cpp; path = Video/PMVideoManager.cpp; sourceTree = "<group>"; };
		9F9830FD1C8A171A00CF843C /* PMVideoManager.h */ = {isa = PBXFileReference; fileEncoding = 4; lastKnownFileType = sourcecode.c.h; name = PMVideoManager.h; path = Video/PMVideoManager.h; sourceTree = "<group>"; };
		9F9830FF1C8A1C3B00CF843C /* Defaults.h */ = {isa = PBXFileReference; lastKnownFileType = sourcecode.c.h; path = Defaults.h; sourceTree = "<group>"; };
		9F9831001C8A2EE600CF843C /* PMArtNetPlayer.cpp */ = {isa = PBXFileReference; fileEncoding = 4; lastKnownFileType = sourcecode.cpp.cpp; name = PMArtNetPlayer.cpp; path = Player/PMArtNetPlayer.cpp; sourceTree = "<group>"; };
		9F9831011C8A2EE600CF843C /* PMArtNetPlayer.h */ = {isa = PBXFileReference; fileEncoding = 4; lastKnownFileType = sourcecode.c.h; name = PMArtNetPlayer.h; path = Player/PMArtNetPlayer.h; sourceTree = "<group>"; };
		9F9831031C8A2EFE00CF843C /* PMArtNetRecorder.cpp */ = {isa = PBXFileReference; fileEncoding = 4; lastKnownFileType = sourcecode.cpp.cpp; name = PMArtNetRecorder.cpp; path = Recorder/PMArtNetRecorder.cpp; sourceTree = "<group>"; };
		9F9831041C8A2EFE00CF843C /* PMArtNetRecorder.h */ = {isa = PBXFileReference; fileEncoding = 4; lastKnownFileType = sourcecode.c.h; name = PMArtNetRecorder.h; path = Recorder/PMArtNetRecorder.h; sourceTree = "<group>"; };
		9FD280EC1C9323F400A18790 /* LocalAddressGrabber_Mac.h */ = {isa = PBXFileReference; lastKnownFileType = sourcecode.c.h; name = LocalAddressGrabber_Mac.h; path = ../../../addons/ofxArtNet/src/LocalAddressGrabber_Mac.h; sourceTree = "<group>"; };
		9FD280ED1C9325C700A18790 /* LocalAddressGrabber_Linux.h */ = {isa = PBXFileReference; lastKnownFileType = sourcecode.c.h; name = LocalAddressGrabber_Linux.h; path = ../../../addons/ofxArtNet/src/LocalAddressGrabber_Linux.h; sourceTree = "<group>"; };
		9FD280EE1C932E3500A18790 /* PMArtNetScreenRenderer.cpp */ = {isa = PBXFileReference; fileEncoding = 4; lastKnownFileType = sourcecode.cpp.cpp; path = PMArtNetScreenRenderer.cpp; sourceTree = "<group>"; };
		9FD280EF1C932E3500A18790 /* PMArtNetScreenRenderer.h */ = {isa = PBXFileReference; fileEncoding = 4; lastKnownFileType = sourcecode.c.h; path = PMArtNetScreenRenderer.h; sourceTree = "<group>"; };
		A045E7601183986D7E19ADA9 /* common.h */ = {isa = PBXFileReference; explicitFileType = sourcecode.c.h; fileEncoding = 30; name = common.h; path = ../../../addons/ofxArtNet/libs/artnet/include/common.h; sourceTree = SOURCE_ROOT; };
		A138E5CF1785EB2D74F9C7C6 /* artnet.h */ = {isa = PBXFileReference; explicitFileType = sourcecode.c.h; fileEncoding = 30; name = artnet.h; path = ../../../addons/ofxArtNet/libs/artnet/include/artnet.h; sourceTree = SOURCE_ROOT; };
		B49171312F553876F9DE028D /* tod.c */ = {isa = PBXFileReference; explicitFileType = sourcecode.c.c; fileEncoding = 30; name = tod.c; path = ../../../addons/ofxArtNet/libs/artnet/src/tod.c; sourceTree = SOURCE_ROOT; };
		B9721C959370E9CD294EE489 /* ofxArtNet.cpp */ = {isa = PBXFileReference; explicitFileType = sourcecode.cpp.cpp; fileEncoding = 30; name = ofxArtNet.cpp; path = ../../../addons/ofxArtNet/src/ofxArtNet.cpp; sourceTree = SOURCE_ROOT; };
		BB135DAC13404496A7B0FA44 /* ofxVideoRecorder.h */ = {isa = PBXFileReference; explicitFileType = sourcecode.c.h; fileEncoding = 30; name = ofxVideoRecorder.h; path = ../../../addons/ofxVideoRecorder/src/ofxVideoRecorder.h; sourceTree = SOURCE_ROOT; };
		BF3E86C6EA2D91BA714B526F /* ofxArtNetNodeEntry.h */ = {isa = PBXFileReference; explicitFileType = sourcecode.c.h; fileEncoding = 30; name = ofxArtNetNodeEntry.h; path = ../../../addons/ofxArtNet/src/ofxArtNetNodeEntry.h; sourceTree = SOURCE_ROOT; };
		D0256A7AE08DE2D42EF1B6EB /* ofxArtNetDmxData.h */ = {isa = PBXFileReference; explicitFileType = sourcecode.c.h; fileEncoding = 30; name = ofxArtNetDmxData.h; path = ../../../addons/ofxArtNet/src/ofxArtNetDmxData.h; sourceTree = SOURCE_ROOT; };
		DB3594DD72C61A24879F817F /* ofxArtNetDmxData.cpp */ = {isa = PBXFileReference; explicitFileType = sourcecode.cpp.cpp; fileEncoding = 30; name = ofxArtNetDmxData.cpp; path = ../../../addons/ofxArtNet/src/ofxArtNetDmxData.cpp; sourceTree = SOURCE_ROOT; };
		DCD389AF5601BEB7DFC8347A /* artnet.c */ = {isa = PBXFileReference; explicitFileType = sourcecode.c.c; fileEncoding = 30; name = artnet.c; path = ../../../addons/ofxArtNet/libs/artnet/src/artnet.c; sourceTree = SOURCE_ROOT; };
		E4328143138ABC890047C5CB /* openFrameworksLib.xcodeproj */ = {isa = PBXFileReference; lastKnownFileType = "wrapper.pb-project"; name = openFrameworksLib.xcodeproj; path = ../../../libs/openFrameworksCompiled/project/osx/openFrameworksLib.xcodeproj; sourceTree = SOURCE_ROOT; };
		E4B69B5B0A3A1756003C02F2 /* ArtNet-playerDebug.app */ = {isa = PBXFileReference; explicitFileType = wrapper.application; includeInIndex = 0; path = "ArtNet-playerDebug.app"; sourceTree = BUILT_PRODUCTS_DIR; };
		E4B69E1D0A3A1BDC003C02F2 /* main.cpp */ = {isa = PBXFileReference; fileEncoding = 30; lastKnownFileType = sourcecode.cpp.cpp; name = main.cpp; path = src/main.cpp; sourceTree = SOURCE_ROOT; };
		E4B69E1E0A3A1BDC003C02F2 /* ofApp.cpp */ = {isa = PBXFileReference; explicitFileType = sourcecode.cpp.cpp; fileEncoding = 30; name = ofApp.cpp; path = src/ofApp.cpp; sourceTree = SOURCE_ROOT; };
		E4B69E1F0A3A1BDC003C02F2 /* ofApp.h */ = {isa = PBXFileReference; fileEncoding = 30; lastKnownFileType = sourcecode.c.h; name = ofApp.h; path = src/ofApp.h; sourceTree = SOURCE_ROOT; };
		E4B6FCAD0C3E899E008CF71C /* openFrameworks-Info.plist */ = {isa = PBXFileReference; fileEncoding = 30; lastKnownFileType = text.plist.xml; path = "openFrameworks-Info.plist"; sourceTree = "<group>"; };
		E4EB691F138AFCF100A09F29 /* CoreOF.xcconfig */ = {isa = PBXFileReference; fileEncoding = 4; lastKnownFileType = text.xcconfig; name = CoreOF.xcconfig; path = ../../../libs/openFrameworksCompiled/project/osx/CoreOF.xcconfig; sourceTree = SOURCE_ROOT; };
		E4EB6923138AFD0F00A09F29 /* Project.xcconfig */ = {isa = PBXFileReference; fileEncoding = 4; lastKnownFileType = text.xcconfig; path = Project.xcconfig; sourceTree = "<group>"; };
/* End PBXFileReference section */

/* Begin PBXFrameworksBuildPhase section */
		E4B69B590A3A1756003C02F2 /* Frameworks */ = {
			isa = PBXFrameworksBuildPhase;
			buildActionMask = 2147483647;
			files = (
				E4328149138ABC9F0047C5CB /* openFrameworksDebug.a in Frameworks */,
			);
			runOnlyForDeploymentPostprocessing = 0;
		};
/* End PBXFrameworksBuildPhase section */

/* Begin PBXGroup section */
		1B57B49536A5F52C8C15744B /* include */ = {
			isa = PBXGroup;
			children = (
				A138E5CF1785EB2D74F9C7C6 /* artnet.h */,
				A045E7601183986D7E19ADA9 /* common.h */,
				487D0B8DAE735DCBA1A7DF79 /* misc.h */,
				65A1128A5039E57A53EE7F5F /* packets.h */,
				32CCDAD12D3D45D86DB057B2 /* private.h */,
				82A9624DA018DD5C6DD73FA2 /* tod.h */,
				8B64CE3352997CAE525FC092 /* unistd_d.h */,
			);
			name = include;
			sourceTree = "<group>";
		};
		6948EE371B920CB800B5AC1A /* local_addons */ = {
			isa = PBXGroup;
			children = (
			);
			name = local_addons;
			sourceTree = "<group>";
		};
		6CD9AD2694C21D77DA0DEF85 /* libs */ = {
			isa = PBXGroup;
			children = (
				740F2F59D2FCBAE88AFDB3F1 /* artnet */,
			);
			name = libs;
			sourceTree = "<group>";
		};
		740F2F59D2FCBAE88AFDB3F1 /* artnet */ = {
			isa = PBXGroup;
			children = (
				1B57B49536A5F52C8C15744B /* include */,
				D8D809149F02A6970C89B783 /* src */,
			);
			name = artnet;
			sourceTree = "<group>";
		};
		7652B9B7014C8450639DA55C /* ofxVideoRecorder */ = {
			isa = PBXGroup;
			children = (
				89A809C09132402F1523C1C7 /* src */,
			);
			name = ofxVideoRecorder;
			sourceTree = "<group>";
		};
		830586A1AA0051305017565F /* src */ = {
			isa = PBXGroup;
			children = (
				B9721C959370E9CD294EE489 /* ofxArtNet.cpp */,
				5F1CEA41106DA5558AA93BDA /* ofxArtNet.h */,
				DB3594DD72C61A24879F817F /* ofxArtNetDmxData.cpp */,
				D0256A7AE08DE2D42EF1B6EB /* ofxArtNetDmxData.h */,
				3181C391A928D1249647940B /* ofxArtNetNodeEntry.cpp */,
				BF3E86C6EA2D91BA714B526F /* ofxArtNetNodeEntry.h */,
				9FD280EC1C9323F400A18790 /* LocalAddressGrabber_Mac.h */,
				9FD280ED1C9325C700A18790 /* LocalAddressGrabber_Linux.h */,
			);
			name = src;
			sourceTree = "<group>";
		};
		89A809C09132402F1523C1C7 /* src */ = {
			isa = PBXGroup;
			children = (
				883A95C78655CFEEA37EF9A1 /* ofxVideoRecorder.cpp */,
				BB135DAC13404496A7B0FA44 /* ofxVideoRecorder.h */,
			);
			name = src;
			sourceTree = "<group>";
		};
		BB4B014C10F69532006C3DED /* addons */ = {
			isa = PBXGroup;
			children = (
				E0CBBF0F01F7F6399CF2163B /* ofxArtNet */,
				7652B9B7014C8450639DA55C /* ofxVideoRecorder */,
			);
			name = addons;
			sourceTree = "<group>";
		};
		D8D809149F02A6970C89B783 /* src */ = {
			isa = PBXGroup;
			children = (
				DCD389AF5601BEB7DFC8347A /* artnet.c */,
				73F55079DECEC97824145213 /* misc.c */,
				4A4C2AB18C0C208C18B3D357 /* network.c */,
				566765C2F49884233EE6073D /* receive.c */,
				B49171312F553876F9DE028D /* tod.c */,
				842BA3A516E8121CBCA5206E /* transmit.c */,
			);
			name = src;
			sourceTree = "<group>";
		};
		E0CBBF0F01F7F6399CF2163B /* ofxArtNet */ = {
			isa = PBXGroup;
			children = (
				830586A1AA0051305017565F /* src */,
				6CD9AD2694C21D77DA0DEF85 /* libs */,
			);
			name = ofxArtNet;
			sourceTree = "<group>";
		};
		E4328144138ABC890047C5CB /* Products */ = {
			isa = PBXGroup;
			children = (
				E4328148138ABC890047C5CB /* openFrameworksDebug.a */,
			);
			name = Products;
			sourceTree = "<group>";
		};
		E4B69B4A0A3A1720003C02F2 = {
			isa = PBXGroup;
			children = (
				E4B6FCAD0C3E899E008CF71C /* openFrameworks-Info.plist */,
				E4EB6923138AFD0F00A09F29 /* Project.xcconfig */,
				E4B69E1C0A3A1BDC003C02F2 /* src */,
				E4EEC9E9138DF44700A80321 /* openFrameworks */,
				BB4B014C10F69532006C3DED /* addons */,
				6948EE371B920CB800B5AC1A /* local_addons */,
				E4B69B5B0A3A1756003C02F2 /* ArtNet-playerDebug.app */,
			);
			sourceTree = "<group>";
		};
		E4B69E1C0A3A1BDC003C02F2 /* src */ = {
			isa = PBXGroup;
			children = (
				E4B69E1D0A3A1BDC003C02F2 /* main.cpp */,
				E4B69E1E0A3A1BDC003C02F2 /* ofApp.cpp */,
				E4B69E1F0A3A1BDC003C02F2 /* ofApp.h */,
				9F9830F91C8A170400CF843C /* PMArtNetManager.cpp */,
				9F9830FA1C8A170400CF843C /* PMArtNetManager.h */,
				9F9830FC1C8A171A00CF843C /* PMVideoManager.cpp */,
				9F9830FD1C8A171A00CF843C /* PMVideoManager.h */,
				9F9830FF1C8A1C3B00CF843C /* Defaults.h */,
				9F9831001C8A2EE600CF843C /* PMArtNetPlayer.cpp */,
				9F9831011C8A2EE600CF843C /* PMArtNetPlayer.h */,
				9F9831031C8A2EFE00CF843C /* PMArtNetRecorder.cpp */,
				9F9831041C8A2EFE00CF843C /* PMArtNetRecorder.h */,
				9FD280EE1C932E3500A18790 /* PMArtNetScreenRenderer.cpp */,
				9FD280EF1C932E3500A18790 /* PMArtNetScreenRenderer.h */,
			);
			path = src;
			sourceTree = SOURCE_ROOT;
		};
		E4EEC9E9138DF44700A80321 /* openFrameworks */ = {
			isa = PBXGroup;
			children = (
				E4EB691F138AFCF100A09F29 /* CoreOF.xcconfig */,
				E4328143138ABC890047C5CB /* openFrameworksLib.xcodeproj */,
			);
			name = openFrameworks;
			sourceTree = "<group>";
		};
/* End PBXGroup section */

/* Begin PBXNativeTarget section */
		E4B69B5A0A3A1756003C02F2 /* ArtNet-player */ = {
			isa = PBXNativeTarget;
			buildConfigurationList = E4B69B5F0A3A1757003C02F2 /* Build configuration list for PBXNativeTarget "ArtNet-player" */;
			buildPhases = (
				E4B69B580A3A1756003C02F2 /* Sources */,
				E4B69B590A3A1756003C02F2 /* Frameworks */,
				E4B6FFFD0C3F9AB9008CF71C /* ShellScript */,
				E4C2427710CC5ABF004149E2 /* CopyFiles */,
			);
			buildRules = (
			);
			dependencies = (
				E4EEB9AC138B136A00A80321 /* PBXTargetDependency */,
			);
			name = "ArtNet-player";
			productName = myOFApp;
			productReference = E4B69B5B0A3A1756003C02F2 /* ArtNet-playerDebug.app */;
			productType = "com.apple.product-type.application";
		};
/* End PBXNativeTarget section */

/* Begin PBXProject section */
		E4B69B4C0A3A1720003C02F2 /* Project object */ = {
			isa = PBXProject;
			attributes = {
				LastUpgradeCheck = 0600;
			};
			buildConfigurationList = E4B69B4D0A3A1720003C02F2 /* Build configuration list for PBXProject "ArtNet-player" */;
			compatibilityVersion = "Xcode 3.2";
			developmentRegion = English;
			hasScannedForEncodings = 0;
			knownRegions = (
				English,
				Japanese,
				French,
				German,
			);
			mainGroup = E4B69B4A0A3A1720003C02F2;
			productRefGroup = E4B69B4A0A3A1720003C02F2;
			projectDirPath = "";
			projectReferences = (
				{
					ProductGroup = E4328144138ABC890047C5CB /* Products */;
					ProjectRef = E4328143138ABC890047C5CB /* openFrameworksLib.xcodeproj */;
				},
			);
			projectRoot = "";
			targets = (
				E4B69B5A0A3A1756003C02F2 /* ArtNet-player */,
			);
		};
/* End PBXProject section */

/* Begin PBXReferenceProxy section */
		E4328148138ABC890047C5CB /* openFrameworksDebug.a */ = {
			isa = PBXReferenceProxy;
			fileType = archive.ar;
			path = openFrameworksDebug.a;
			remoteRef = E4328147138ABC890047C5CB /* PBXContainerItemProxy */;
			sourceTree = BUILT_PRODUCTS_DIR;
		};
/* End PBXReferenceProxy section */

/* Begin PBXShellScriptBuildPhase section */
		E4B6FFFD0C3F9AB9008CF71C /* ShellScript */ = {
			isa = PBXShellScriptBuildPhase;
			buildActionMask = 2147483647;
			files = (
			);
			inputPaths = (
			);
			outputPaths = (
			);
			runOnlyForDeploymentPostprocessing = 0;
			shellPath = /bin/sh;
			shellScript = "rsync -aved ../../../libs/fmodex/lib/osx/libfmodex.dylib \"$TARGET_BUILD_DIR/$PRODUCT_NAME.app/Contents/MacOS/\"; install_name_tool -change ./libfmodex.dylib @executable_path/libfmodex.dylib \"$TARGET_BUILD_DIR/$PRODUCT_NAME.app/Contents/MacOS/$PRODUCT_NAME\";\nmkdir -p \"$TARGET_BUILD_DIR/$PRODUCT_NAME.app/Contents/Resources/\"\nrsync -aved \"$ICON_FILE\" \"$TARGET_BUILD_DIR/$PRODUCT_NAME.app/Contents/Resources/\"\nrsync -aved ../../../libs/glut/lib/osx/GLUT.framework \"$TARGET_BUILD_DIR/$PRODUCT_NAME.app/Contents/Frameworks/\"\n";
		};
/* End PBXShellScriptBuildPhase section */

/* Begin PBXSourcesBuildPhase section */
		E4B69B580A3A1756003C02F2 /* Sources */ = {
			isa = PBXSourcesBuildPhase;
			buildActionMask = 2147483647;
			files = (
				E4B69E200A3A1BDC003C02F2 /* main.cpp in Sources */,
				E4B69E210A3A1BDC003C02F2 /* ofApp.cpp in Sources */,
				9F9831051C8A2EFE00CF843C /* PMArtNetRecorder.cpp in Sources */,
				5D2254D017AC101A4F244E2C /* ofxArtNet.cpp in Sources */,
				AFCD3AF3E225232FD1C29D70 /* ofxArtNetDmxData.cpp in Sources */,
				BD53C476A333DDFCFE13D752 /* ofxArtNetNodeEntry.cpp in Sources */,
				956CF63633047A3EAD98DD6B /* artnet.c in Sources */,
				9FD280F01C932E3500A18790 /* PMArtNetScreenRenderer.cpp in Sources */,
				0302D18489150FC1B75EE86A /* misc.c in Sources */,
				9F9830FE1C8A171A00CF843C /* PMVideoManager.cpp in Sources */,
				9F9830FB1C8A170400CF843C /* PMArtNetManager.cpp in Sources */,
				052155D469378A23A81F5CA7 /* network.c in Sources */,
				9F9831021C8A2EE600CF843C /* PMArtNetPlayer.cpp in Sources */,
				8A231283D31A46A796730807 /* receive.c in Sources */,
				27DFFCF1C740D20E8B751B35 /* tod.c in Sources */,
				4B1E1FC27344991B859D9AAC /* transmit.c in Sources */,
				D50B3D9655F08D2B232C1C4D /* ofxVideoRecorder.cpp in Sources */,
			);
			runOnlyForDeploymentPostprocessing = 0;
		};
/* End PBXSourcesBuildPhase section */

/* Begin PBXTargetDependency section */
		E4EEB9AC138B136A00A80321 /* PBXTargetDependency */ = {
			isa = PBXTargetDependency;
			name = openFrameworks;
			targetProxy = E4EEB9AB138B136A00A80321 /* PBXContainerItemProxy */;
		};
/* End PBXTargetDependency section */

/* Begin XCBuildConfiguration section */
		E4B69B4E0A3A1720003C02F2 /* Debug */ = {
			isa = XCBuildConfiguration;
			baseConfigurationReference = E4EB6923138AFD0F00A09F29 /* Project.xcconfig */;
			buildSettings = {
				CONFIGURATION_BUILD_DIR = "$(SRCROOT)/bin/";
				COPY_PHASE_STRIP = NO;
				DEAD_CODE_STRIPPING = YES;
				GCC_AUTO_VECTORIZATION = YES;
				GCC_ENABLE_SSE3_EXTENSIONS = YES;
				GCC_ENABLE_SUPPLEMENTAL_SSE3_INSTRUCTIONS = YES;
				GCC_INLINES_ARE_PRIVATE_EXTERN = NO;
				GCC_OPTIMIZATION_LEVEL = 0;
				GCC_SYMBOLS_PRIVATE_EXTERN = NO;
				GCC_WARN_ABOUT_DEPRECATED_FUNCTIONS = YES;
				GCC_WARN_ABOUT_INVALID_OFFSETOF_MACRO = NO;
				GCC_WARN_ALLOW_INCOMPLETE_PROTOCOL = NO;
				GCC_WARN_UNINITIALIZED_AUTOS = NO;
				GCC_WARN_UNUSED_VALUE = NO;
				GCC_WARN_UNUSED_VARIABLE = NO;
				HEADER_SEARCH_PATHS = (
					"$(OF_CORE_HEADERS)",
					src,
					../../../addons/ofxArtNet/libs,
					../../../addons/ofxArtNet/libs/artnet,
					../../../addons/ofxArtNet/libs/artnet/include,
					../../../addons/ofxArtNet/libs/artnet/src,
					../../../addons/ofxArtNet/src,
					../../../addons/ofxVideoRecorder/src,
				);
				MACOSX_DEPLOYMENT_TARGET = 10.8;
				ONLY_ACTIVE_ARCH = YES;
				OTHER_CPLUSPLUSFLAGS = (
					"-D__MACOSX_CORE__",
					"-mtune=native",
				);
				SDKROOT = macosx;
			};
			name = Debug;
		};
		E4B69B4F0A3A1720003C02F2 /* Release */ = {
			isa = XCBuildConfiguration;
			baseConfigurationReference = E4EB6923138AFD0F00A09F29 /* Project.xcconfig */;
			buildSettings = {
				CONFIGURATION_BUILD_DIR = "$(SRCROOT)/bin/";
				COPY_PHASE_STRIP = YES;
				DEAD_CODE_STRIPPING = YES;
				GCC_AUTO_VECTORIZATION = YES;
				GCC_ENABLE_SSE3_EXTENSIONS = YES;
				GCC_ENABLE_SUPPLEMENTAL_SSE3_INSTRUCTIONS = YES;
				GCC_INLINES_ARE_PRIVATE_EXTERN = NO;
				GCC_OPTIMIZATION_LEVEL = 3;
				GCC_SYMBOLS_PRIVATE_EXTERN = NO;
				GCC_UNROLL_LOOPS = YES;
				GCC_WARN_ABOUT_DEPRECATED_FUNCTIONS = YES;
				GCC_WARN_ABOUT_INVALID_OFFSETOF_MACRO = NO;
				GCC_WARN_ALLOW_INCOMPLETE_PROTOCOL = NO;
				GCC_WARN_UNINITIALIZED_AUTOS = NO;
				GCC_WARN_UNUSED_VALUE = NO;
				GCC_WARN_UNUSED_VARIABLE = NO;
				HEADER_SEARCH_PATHS = (
					"$(OF_CORE_HEADERS)",
					src,
					../../../addons/ofxArtNet/libs,
					../../../addons/ofxArtNet/libs/artnet,
					../../../addons/ofxArtNet/libs/artnet/include,
					../../../addons/ofxArtNet/libs/artnet/src,
					../../../addons/ofxArtNet/src,
					../../../addons/ofxVideoRecorder/src,
				);
				MACOSX_DEPLOYMENT_TARGET = 10.8;
				OTHER_CPLUSPLUSFLAGS = (
					"-D__MACOSX_CORE__",
					"-mtune=native",
				);
				SDKROOT = macosx;
			};
			name = Release;
		};
		E4B69B600A3A1757003C02F2 /* Debug */ = {
			isa = XCBuildConfiguration;
			baseConfigurationReference = E4EB6923138AFD0F00A09F29 /* Project.xcconfig */;
			buildSettings = {
				COMBINE_HIDPI_IMAGES = YES;
				COPY_PHASE_STRIP = NO;
				FRAMEWORK_SEARCH_PATHS = (
					"$(inherited)",
					"$(FRAMEWORK_SEARCH_PATHS_QUOTED_FOR_TARGET_1)",
				);
				FRAMEWORK_SEARCH_PATHS_QUOTED_FOR_TARGET_1 = "\"$(SRCROOT)/../../../libs/glut/lib/osx\"";
				GCC_DYNAMIC_NO_PIC = NO;
				GCC_GENERATE_DEBUGGING_SYMBOLS = YES;
				GCC_MODEL_TUNING = NONE;
				HEADER_SEARCH_PATHS = (
					"$(OF_CORE_HEADERS)",
					src,
					../../../addons/ofxArtNet/libs,
					../../../addons/ofxArtNet/libs/artnet,
					../../../addons/ofxArtNet/libs/artnet/include,
					../../../addons/ofxArtNet/libs/artnet/src,
					../../../addons/ofxArtNet/src,
					../../../addons/ofxVideoRecorder/src,
				);
				ICON = "$(ICON_NAME_DEBUG)";
				ICON_FILE = "$(ICON_FILE_PATH)$(ICON)";
				INFOPLIST_FILE = "openFrameworks-Info.plist";
				INSTALL_PATH = "$(HOME)/Applications";
				LIBRARY_SEARCH_PATHS = "$(inherited)";
				PRODUCT_NAME = "$(TARGET_NAME)Debug";
				WRAPPER_EXTENSION = app;
			};
			name = Debug;
		};
		E4B69B610A3A1757003C02F2 /* Release */ = {
			isa = XCBuildConfiguration;
			baseConfigurationReference = E4EB6923138AFD0F00A09F29 /* Project.xcconfig */;
			buildSettings = {
				COMBINE_HIDPI_IMAGES = YES;
				COPY_PHASE_STRIP = YES;
				FRAMEWORK_SEARCH_PATHS = (
					"$(inherited)",
					"$(FRAMEWORK_SEARCH_PATHS_QUOTED_FOR_TARGET_1)",
				);
				FRAMEWORK_SEARCH_PATHS_QUOTED_FOR_TARGET_1 = "\"$(SRCROOT)/../../../libs/glut/lib/osx\"";
				GCC_GENERATE_DEBUGGING_SYMBOLS = YES;
				GCC_MODEL_TUNING = NONE;
				HEADER_SEARCH_PATHS = (
					"$(OF_CORE_HEADERS)",
					src,
					../../../addons/ofxArtNet/libs,
					../../../addons/ofxArtNet/libs/artnet,
					../../../addons/ofxArtNet/libs/artnet/include,
					../../../addons/ofxArtNet/libs/artnet/src,
					../../../addons/ofxArtNet/src,
					../../../addons/ofxVideoRecorder/src,
				);
				ICON = "$(ICON_NAME_RELEASE)";
				ICON_FILE = "$(ICON_FILE_PATH)$(ICON)";
				INFOPLIST_FILE = "openFrameworks-Info.plist";
				INSTALL_PATH = "$(HOME)/Applications";
				LIBRARY_SEARCH_PATHS = "$(inherited)";
				PRODUCT_NAME = "$(TARGET_NAME)";
				WRAPPER_EXTENSION = app;
				baseConfigurationReference = E4EB6923138AFD0F00A09F29;
			};
			name = Release;
		};
/* End XCBuildConfiguration section */

/* Begin XCConfigurationList section */
		E4B69B4D0A3A1720003C02F2 /* Build configuration list for PBXProject "ArtNet-player" */ = {
			isa = XCConfigurationList;
			buildConfigurations = (
				E4B69B4E0A3A1720003C02F2 /* Debug */,
				E4B69B4F0A3A1720003C02F2 /* Release */,
			);
			defaultConfigurationIsVisible = 0;
			defaultConfigurationName = Release;
		};
		E4B69B5F0A3A1757003C02F2 /* Build configuration list for PBXNativeTarget "ArtNet-player" */ = {
			isa = XCConfigurationList;
			buildConfigurations = (
				E4B69B600A3A1757003C02F2 /* Debug */,
				E4B69B610A3A1757003C02F2 /* Release */,
			);
			defaultConfigurationIsVisible = 0;
			defaultConfigurationName = Release;
		};
/* End XCConfigurationList section */
	};
	rootObject = E4B69B4C0A3A1720003C02F2 /* Project object */;
}
